
Microsoft Visual Studio Solution File, Format Version 12.00
# Visual Studio 2012
Project("{FAE04EC0-301F-11D3-BF4B-00C04F79EFBC}") = "NerfWarsPrototype7", "NerfWarsPrototype1\NerfWarsPrototype7.csproj", "{1601EB9D-65BB-4E54-BC3D-BBD232BDBDDE}"
EndProject
Global
	GlobalSection(SolutionConfigurationPlatforms) = preSolution
		Debug|Any CPU = Debug|Any CPU
		Release|Any CPU = Release|Any CPU
	EndGlobalSection
	GlobalSection(ProjectConfigurationPlatforms) = postSolution
		{1601EB9D-65BB-4E54-BC3D-BBD232BDBDDE}.Debug|Any CPU.ActiveCfg = Debug|Any CPU
		{1601EB9D-65BB-4E54-BC3D-BBD232BDBDDE}.Debug|Any CPU.Build.0 = Debug|Any CPU
		{1601EB9D-65BB-4E54-BC3D-BBD232BDBDDE}.Release|Any CPU.ActiveCfg = Release|Any CPU
		{1601EB9D-65BB-4E54-BC3D-BBD232BDBDDE}.Release|Any CPU.Build.0 = Release|Any CPU
	EndGlobalSection
	GlobalSection(SolutionProperties) = preSolution
		HideSolutionNode = FALSE
	EndGlobalSection
EndGlobal
